
Microsoft Visual Studio Solution File, Format Version 12.00
# Visual Studio 15
VisualStudioVersion = 15.0.28010.2016
MinimumVisualStudioVersion = 10.0.40219.1
Project("{8BC9CEB8-8B4A-11D0-8D11-00A0C91BC942}") = "BBChat-Client", "BBChat-Client\BBChat-Client.vcxproj", "{A7EED36C-2464-4DAB-B77F-8C120AB1DA7E}"
EndProject
Global
	GlobalSection(SolutionConfigurationPlatforms) = preSolution
		Debug - Static|x64 = Debug - Static|x64
		Debug - Static|x86 = Debug - Static|x86
		Debug|x64 = Debug|x64
		Debug|x86 = Debug|x86
		Release - Static|x64 = Release - Static|x64
		Release - Static|x86 = Release - Static|x86
		Release|x64 = Release|x64
		Release|x86 = Release|x86
	EndGlobalSection
	GlobalSection(ProjectConfigurationPlatforms) = postSolution
		{A7EED36C-2464-4DAB-B77F-8C120AB1DA7E}.Debug - Static|x64.ActiveCfg = Debug - Static|x64
		{A7EED36C-2464-4DAB-B77F-8C120AB1DA7E}.Debug - Static|x64.Build.0 = Debug - Static|x64
		{A7EED36C-2464-4DAB-B77F-8C120AB1DA7E}.Debug - Static|x86.ActiveCfg = Debug - Static|Win32
		{A7EED36C-2464-4DAB-B77F-8C120AB1DA7E}.Debug - Static|x86.Build.0 = Debug - Static|Win32
		{A7EED36C-2464-4DAB-B77F-8C120AB1DA7E}.Debug|x64.ActiveCfg = Debug|x64
		{A7EED36C-2464-4DAB-B77F-8C120AB1DA7E}.Debug|x64.Build.0 = Debug|x64
		{A7EED36C-2464-4DAB-B77F-8C120AB1DA7E}.Debug|x86.ActiveCfg = Debug|Win32
		{A7EED36C-2464-4DAB-B77F-8C120AB1DA7E}.Debug|x86.Build.0 = Debug|Win32
		{A7EED36C-2464-4DAB-B77F-8C120AB1DA7E}.Release - Static|x64.ActiveCfg = Release - Static|x64
		{A7EED36C-2464-4DAB-B77F-8C120AB1DA7E}.Release - Static|x64.Build.0 = Release - Static|x64
		{A7EED36C-2464-4DAB-B77F-8C120AB1DA7E}.Release - Static|x86.ActiveCfg = Release - Static|Win32
		{A7EED36C-2464-4DAB-B77F-8C120AB1DA7E}.Release - Static|x86.Build.0 = Release - Static|Win32
		{A7EED36C-2464-4DAB-B77F-8C120AB1DA7E}.Release|x64.ActiveCfg = Release|x64
		{A7EED36C-2464-4DAB-B77F-8C120AB1DA7E}.Release|x64.Build.0 = Release|x64
		{A7EED36C-2464-4DAB-B77F-8C120AB1DA7E}.Release|x86.ActiveCfg = Release|Win32
		{A7EED36C-2464-4DAB-B77F-8C120AB1DA7E}.Release|x86.Build.0 = Release|Win32
	EndGlobalSection
	GlobalSection(SolutionProperties) = preSolution
		HideSolutionNode = FALSE
	EndGlobalSection
	GlobalSection(ExtensibilityGlobals) = postSolution
		SolutionGuid = {53F84260-6DE6-4AEB-A2F1-DB257B9DB55D}
	EndGlobalSection
EndGlobal
